// !$*UTF8*$!
{
	archiveVersion = 1;
	classes = {
	};
	objectVersion = 46;
	objects = {

/* Begin PBXBuildFile section */
		1D2476051A0D6EA4002B462F /* AppDelegate.swift in Sources */ = {isa = PBXBuildFile; fileRef = 1D2476041A0D6EA4002B462F /* AppDelegate.swift */; };
		1D2476071A0D6EA4002B462F /* ViewController.swift in Sources */ = {isa = PBXBuildFile; fileRef = 1D2476061A0D6EA4002B462F /* ViewController.swift */; };
		1D24760A1A0D6EA4002B462F /* Main.storyboard in Resources */ = {isa = PBXBuildFile; fileRef = 1D2476081A0D6EA4002B462F /* Main.storyboard */; };
		1D24760C1A0D6EA4002B462F /* Images.xcassets in Resources */ = {isa = PBXBuildFile; fileRef = 1D24760B1A0D6EA4002B462F /* Images.xcassets */; };
		1D24760F1A0D6EA4002B462F /* LaunchScreen.xib in Resources */ = {isa = PBXBuildFile; fileRef = 1D24760D1A0D6EA4002B462F /* LaunchScreen.xib */; };
		1D24761B1A0D6EA4002B462F /* CashTrackTests.swift in Sources */ = {isa = PBXBuildFile; fileRef = 1D24761A1A0D6EA4002B462F /* CashTrackTests.swift */; };
/* End PBXBuildFile section */

/* Begin PBXContainerItemProxy section */
		1D2476151A0D6EA4002B462F /* PBXContainerItemProxy */ = {
			isa = PBXContainerItemProxy;
			containerPortal = 1D2475F71A0D6EA4002B462F /* Project object */;
			proxyType = 1;
			remoteGlobalIDString = 1D2475FE1A0D6EA4002B462F;
			remoteInfo = CashTrack;
		};
/* End PBXContainerItemProxy section */

/* Begin PBXFileReference section */
		1D2475FF1A0D6EA4002B462F /* CashTrack.app */ = {isa = PBXFileReference; explicitFileType = wrapper.application; includeInIndex = 0; path = CashTrack.app; sourceTree = BUILT_PRODUCTS_DIR; };
		1D2476031A0D6EA4002B462F /* Info.plist */ = {isa = PBXFileReference; lastKnownFileType = text.plist.xml; path = Info.plist; sourceTree = "<group>"; };
		1D2476041A0D6EA4002B462F /* AppDelegate.swift */ = {isa = PBXFileReference; lastKnownFileType = sourcecode.swift; path = AppDelegate.swift; sourceTree = "<group>"; };
		1D2476061A0D6EA4002B462F /* ViewController.swift */ = {isa = PBXFileReference; lastKnownFileType = sourcecode.swift; path = ViewController.swift; sourceTree = "<group>"; };
		1D2476091A0D6EA4002B462F /* Base */ = {isa = PBXFileReference; lastKnownFileType = file.storyboard; name = Base; path = Base.lproj/Main.storyboard; sourceTree = "<group>"; };
		1D24760B1A0D6EA4002B462F /* Images.xcassets */ = {isa = PBXFileReference; lastKnownFileType = folder.assetcatalog; path = Images.xcassets; sourceTree = "<group>"; };
		1D24760E1A0D6EA4002B462F /* Base */ = {isa = PBXFileReference; lastKnownFileType = file.xib; name = Base; path = Base.lproj/LaunchScreen.xib; sourceTree = "<group>"; };
		1D2476141A0D6EA4002B462F /* CashTrackTests.xctest */ = {isa = PBXFileReference; explicitFileType = wrapper.cfbundle; includeInIndex = 0; path = CashTrackTests.xctest; sourceTree = BUILT_PRODUCTS_DIR; };
		1D2476191A0D6EA4002B462F /* Info.plist */ = {isa = PBXFileReference; lastKnownFileType = text.plist.xml; path = Info.plist; sourceTree = "<group>"; };
		1D24761A1A0D6EA4002B462F /* CashTrackTests.swift */ = {isa = PBXFileReference; lastKnownFileType = sourcecode.swift; path = CashTrackTests.swift; sourceTree = "<group>"; };
/* End PBXFileReference section */

/* Begin PBXFrameworksBuildPhase section */
		1D2475FC1A0D6EA4002B462F /* Frameworks */ = {
			isa = PBXFrameworksBuildPhase;
			buildActionMask = 2147483647;
			files = (
			);
			runOnlyForDeploymentPostprocessing = 0;
		};
		1D2476111A0D6EA4002B462F /* Frameworks */ = {
			isa = PBXFrameworksBuildPhase;
			buildActionMask = 2147483647;
			files = (
			);
			runOnlyForDeploymentPostprocessing = 0;
		};
/* End PBXFrameworksBuildPhase section */

/* Begin PBXGroup section */
		1D2475F61A0D6EA4002B462F = {
			isa = PBXGroup;
			children = (
				1D2476011A0D6EA4002B462F /* CashTrack */,
				1D2476171A0D6EA4002B462F /* CashTrackTests */,
				1D2476001A0D6EA4002B462F /* Products */,
			);
			sourceTree = "<group>";
		};
		1D2476001A0D6EA4002B462F /* Products */ = {
			isa = PBXGroup;
			children = (
				1D2475FF1A0D6EA4002B462F /* CashTrack.app */,
				1D2476141A0D6EA4002B462F /* CashTrackTests.xctest */,
			);
			name = Products;
			sourceTree = "<group>";
		};
		1D2476011A0D6EA4002B462F /* CashTrack */ = {
			isa = PBXGroup;
			children = (
				1D2476041A0D6EA4002B462F /* AppDelegate.swift */,
				1D2476061A0D6EA4002B462F /* ViewController.swift */,
				1D2476081A0D6EA4002B462F /* Main.storyboard */,
				1D24760B1A0D6EA4002B462F /* Images.xcassets */,
				1D24760D1A0D6EA4002B462F /* LaunchScreen.xib */,
				1D2476021A0D6EA4002B462F /* Supporting Files */,
			);
			path = CashTrack;
			sourceTree = "<group>";
		};
		1D2476021A0D6EA4002B462F /* Supporting Files */ = {
			isa = PBXGroup;
			children = (
				1D2476031A0D6EA4002B462F /* Info.plist */,
			);
			name = "Supporting Files";
			sourceTree = "<group>";
		};
		1D2476171A0D6EA4002B462F /* CashTrackTests */ = {
			isa = PBXGroup;
			children = (
				1D24761A1A0D6EA4002B462F /* CashTrackTests.swift */,
				1D2476181A0D6EA4002B462F /* Supporting Files */,
			);
			path = CashTrackTests;
			sourceTree = "<group>";
		};
		1D2476181A0D6EA4002B462F /* Supporting Files */ = {
			isa = PBXGroup;
			children = (
				1D2476191A0D6EA4002B462F /* Info.plist */,
			);
			name = "Supporting Files";
			sourceTree = "<group>";
		};
/* End PBXGroup section */

/* Begin PBXNativeTarget section */
		1D2475FE1A0D6EA4002B462F /* CashTrack */ = {
			isa = PBXNativeTarget;
			buildConfigurationList = 1D24761E1A0D6EA4002B462F /* Build configuration list for PBXNativeTarget "CashTrack" */;
			buildPhases = (
				1D2475FB1A0D6EA4002B462F /* Sources */,
				1D2475FC1A0D6EA4002B462F /* Frameworks */,
				1D2475FD1A0D6EA4002B462F /* Resources */,
			);
			buildRules = (
			);
			dependencies = (
			);
			name = CashTrack;
			productName = CashTrack;
			productReference = 1D2475FF1A0D6EA4002B462F /* CashTrack.app */;
			productType = "com.apple.product-type.application";
		};
		1D2476131A0D6EA4002B462F /* CashTrackTests */ = {
			isa = PBXNativeTarget;
			buildConfigurationList = 1D2476211A0D6EA4002B462F /* Build configuration list for PBXNativeTarget "CashTrackTests" */;
			buildPhases = (
				1D2476101A0D6EA4002B462F /* Sources */,
				1D2476111A0D6EA4002B462F /* Frameworks */,
				1D2476121A0D6EA4002B462F /* Resources */,
			);
			buildRules = (
			);
			dependencies = (
				1D2476161A0D6EA4002B462F /* PBXTargetDependency */,
			);
			name = CashTrackTests;
			productName = CashTrackTests;
			productReference = 1D2476141A0D6EA4002B462F /* CashTrackTests.xctest */;
			productType = "com.apple.product-type.bundle.unit-test";
		};
/* End PBXNativeTarget section */

/* Begin PBXProject section */
		1D2475F71A0D6EA4002B462F /* Project object */ = {
			isa = PBXProject;
			attributes = {
				LastUpgradeCheck = 0610;
				ORGANIZATIONNAME = "Marcin Grzywaczewski";
				TargetAttributes = {
					1D2475FE1A0D6EA4002B462F = {
						CreatedOnToolsVersion = 6.1;
					};
					1D2476131A0D6EA4002B462F = {
						CreatedOnToolsVersion = 6.1;
						TestTargetID = 1D2475FE1A0D6EA4002B462F;
					};
				};
			};
			buildConfigurationList = 1D2475FA1A0D6EA4002B462F /* Build configuration list for PBXProject "CashTrack" */;
			compatibilityVersion = "Xcode 3.2";
			developmentRegion = English;
			hasScannedForEncodings = 0;
			knownRegions = (
				en,
				Base,
			);
			mainGroup = 1D2475F61A0D6EA4002B462F;
			productRefGroup = 1D2476001A0D6EA4002B462F /* Products */;
			projectDirPath = "";
			projectRoot = "";
			targets = (
				1D2475FE1A0D6EA4002B462F /* CashTrack */,
				1D2476131A0D6EA4002B462F /* CashTrackTests */,
			);
		};
/* End PBXProject section */

/* Begin PBXResourcesBuildPhase section */
		1D2475FD1A0D6EA4002B462F /* Resources */ = {
			isa = PBXResourcesBuildPhase;
			buildActionMask = 2147483647;
			files = (
				1D24760A1A0D6EA4002B462F /* Main.storyboard in Resources */,
				1D24760F1A0D6EA4002B462F /* LaunchScreen.xib in Resources */,
				1D24760C1A0D6EA4002B462F /* Images.xcassets in Resources */,
			);
			runOnlyForDeploymentPostprocessing = 0;
		};
		1D2476121A0D6EA4002B462F /* Resources */ = {
			isa = PBXResourcesBuildPhase;
			buildActionMask = 2147483647;
			files = (
			);
			runOnlyForDeploymentPostprocessing = 0;
		};
/* End PBXResourcesBuildPhase section */

/* Begin PBXSourcesBuildPhase section */
		1D2475FB1A0D6EA4002B462F /* Sources */ = {
			isa = PBXSourcesBuildPhase;
			buildActionMask = 2147483647;
			files = (
				1D2476071A0D6EA4002B462F /* ViewController.swift in Sources */,
				1D2476051A0D6EA4002B462F /* AppDelegate.swift in Sources */,
			);
			runOnlyForDeploymentPostprocessing = 0;
		};
		1D2476101A0D6EA4002B462F /* Sources */ = {
			isa = PBXSourcesBuildPhase;
			buildActionMask = 2147483647;
			files = (
				1D24761B1A0D6EA4002B462F /* CashTrackTests.swift in Sources */,
			);
			runOnlyForDeploymentPostprocessing = 0;
		};
/* End PBXSourcesBuildPhase section */

/* Begin PBXTargetDependency section */
		1D2476161A0D6EA4002B462F /* PBXTargetDependency */ = {
			isa = PBXTargetDependency;
			target = 1D2475FE1A0D6EA4002B462F /* CashTrack */;
			targetProxy = 1D2476151A0D6EA4002B462F /* PBXContainerItemProxy */;
		};
/* End PBXTargetDependency section */

/* Begin PBXVariantGroup section */
		1D2476081A0D6EA4002B462F /* Main.storyboard */ = {
			isa = PBXVariantGroup;
			children = (
				1D2476091A0D6EA4002B462F /* Base */,
			);
			name = Main.storyboard;
			sourceTree = "<group>";
		};
		1D24760D1A0D6EA4002B462F /* LaunchScreen.xib */ = {
			isa = PBXVariantGroup;
			children = (
				1D24760E1A0D6EA4002B462F /* Base */,
			);
			name = LaunchScreen.xib;
			sourceTree = "<group>";
		};
/* End PBXVariantGroup section */

/* Begin XCBuildConfiguration section */
		1D24761C1A0D6EA4002B462F /* Debug */ = {
			isa = XCBuildConfiguration;
			buildSettings = {
				ALWAYS_SEARCH_USER_PATHS = NO;
				CLANG_CXX_LANGUAGE_STANDARD = "gnu++0x";
				CLANG_CXX_LIBRARY = "libc++";
				CLANG_ENABLE_MODULES = YES;
				CLANG_ENABLE_OBJC_ARC = YES;
				CLANG_WARN_BOOL_CONVERSION = YES;
				CLANG_WARN_CONSTANT_CONVERSION = YES;
				CLANG_WARN_DIRECT_OBJC_ISA_USAGE = YES_ERROR;
				CLANG_WARN_EMPTY_BODY = YES;
				CLANG_WARN_ENUM_CONVERSION = YES;
				CLANG_WARN_INT_CONVERSION = YES;
				CLANG_WARN_OBJC_ROOT_CLASS = YES_ERROR;
				CLANG_WARN_UNREACHABLE_CODE = YES;
				CLANG_WARN__DUPLICATE_METHOD_MATCH = YES;
				"CODE_SIGN_IDENTITY[sdk=iphoneos*]" = "iPhone Developer";
				COPY_PHASE_STRIP = NO;
				ENABLE_STRICT_OBJC_MSGSEND = YES;
				GCC_C_LANGUAGE_STANDARD = gnu99;
				GCC_DYNAMIC_NO_PIC = NO;
				GCC_OPTIMIZATION_LEVEL = 0;
				GCC_PREPROCESSOR_DEFINITIONS = (
					"DEBUG=1",
					"$(inherited)",
				);
				GCC_SYMBOLS_PRIVATE_EXTERN = NO;
				GCC_WARN_64_TO_32_BIT_CONVERSION = YES;
				GCC_WARN_ABOUT_RETURN_TYPE = YES_ERROR;
				GCC_WARN_UNDECLARED_SELECTOR = YES;
				GCC_WARN_UNINITIALIZED_AUTOS = YES_AGGRESSIVE;
				GCC_WARN_UNUSED_FUNCTION = YES;
				GCC_WARN_UNUSED_VARIABLE = YES;
				IPHONEOS_DEPLOYMENT_TARGET = 8.1;
				MTL_ENABLE_DEBUG_INFO = YES;
				ONLY_ACTIVE_ARCH = YES;
				SDKROOT = iphoneos;
				SWIFT_OPTIMIZATION_LEVEL = "-Onone";
			};
			name = Debug;
		};
		1D24761D1A0D6EA4002B462F /* Release */ = {
			isa = XCBuildConfiguration;
			buildSettings = {
				ALWAYS_SEARCH_USER_PATHS = NO;
				CLANG_CXX_LANGUAGE_STANDARD = "gnu++0x";
				CLANG_CXX_LIBRARY = "libc++";
				CLANG_ENABLE_MODULES = YES;
				CLANG_ENABLE_OBJC_ARC = YES;
				CLANG_WARN_BOOL_CONVERSION = YES;
				CLANG_WARN_CONSTANT_CONVERSION = YES;
				CLANG_WARN_DIRECT_OBJC_ISA_USAGE = YES_ERROR;
				CLANG_WARN_EMPTY_BODY = YES;
				CLANG_WARN_ENUM_CONVERSION = YES;
				CLANG_WARN_INT_CONVERSION = YES;
				CLANG_WARN_OBJC_ROOT_CLASS = YES_ERROR;
				CLANG_WARN_UNREACHABLE_CODE = YES;
				CLANG_WARN__DUPLICATE_METHOD_MATCH = YES;
				"CODE_SIGN_IDENTITY[sdk=iphoneos*]" = "iPhone Developer";
				COPY_PHASE_STRIP = YES;
				ENABLE_NS_ASSERTIONS = NO;
				ENABLE_STRICT_OBJC_MSGSEND = YES;
				GCC_C_LANGUAGE_STANDARD = gnu99;
				GCC_WARN_64_TO_32_BIT_CONVERSION = YES;
				GCC_WARN_ABOUT_RETURN_TYPE = YES_ERROR;
				GCC_WARN_UNDECLARED_SELECTOR = YES;
				GCC_WARN_UNINITIALIZED_AUTOS = YES_AGGRESSIVE;
				GCC_WARN_UNUSED_FUNCTION = YES;
				GCC_WARN_UNUSED_VARIABLE = YES;
				IPHONEOS_DEPLOYMENT_TARGET = 8.1;
				MTL_ENABLE_DEBUG_INFO = NO;
				SDKROOT = iphoneos;
				VALIDATE_PRODUCT = YES;
			};
			name = Release;
		};
		1D24761F1A0D6EA4002B462F /* Debug */ = {
			isa = XCBuildConfiguration;
			buildSettings = {
				ASSETCATALOG_COMPILER_APPICON_NAME = AppIcon;
				CODE_SIGN_IDENTITY = "iPhone Developer";
				INFOPLIST_FILE = CashTrack/Info.plist;
				LD_RUNPATH_SEARCH_PATHS = "$(inherited) @executable_path/Frameworks";
				PRODUCT_NAME = "$(TARGET_NAME)";
			};
			name = Debug;
		};
		1D2476201A0D6EA4002B462F /* Release */ = {
			isa = XCBuildConfiguration;
			buildSettings = {
				ASSETCATALOG_COMPILER_APPICON_NAME = AppIcon;
				CODE_SIGN_IDENTITY = "iPhone Developer";
				INFOPLIST_FILE = CashTrack/Info.plist;
				LD_RUNPATH_SEARCH_PATHS = "$(inherited) @executable_path/Frameworks";
				PRODUCT_NAME = "$(TARGET_NAME)";
			};
			name = Release;
		};
		1D2476221A0D6EA4002B462F /* Debug */ = {
			isa = XCBuildConfiguration;
			buildSettings = {
				BUNDLE_LOADER = "$(TEST_HOST)";
				FRAMEWORK_SEARCH_PATHS = (
					"$(SDKROOT)/Developer/Library/Frameworks",
					"$(inherited)",
				);
				GCC_PREPROCESSOR_DEFINITIONS = (
					"DEBUG=1",
					"$(inherited)",
				);
				INFOPLIST_FILE = CashTrackTests/Info.plist;
				LD_RUNPATH_SEARCH_PATHS = "$(inherited) @executable_path/Frameworks @loader_path/Frameworks";
				PRODUCT_NAME = "$(TARGET_NAME)";
				TEST_HOST = "$(BUILT_PRODUCTS_DIR)/CashTrack.app/CashTrack";
			};
			name = Debug;
		};
		1D2476231A0D6EA4002B462F /* Release */ = {
			isa = XCBuildConfiguration;
			buildSettings = {
				BUNDLE_LOADER = "$(TEST_HOST)";
				FRAMEWORK_SEARCH_PATHS = (
					"$(SDKROOT)/Developer/Library/Frameworks",
					"$(inherited)",
				);
				INFOPLIST_FILE = CashTrackTests/Info.plist;
				LD_RUNPATH_SEARCH_PATHS = "$(inherited) @executable_path/Frameworks @loader_path/Frameworks";
				PRODUCT_NAME = "$(TARGET_NAME)";
				TEST_HOST = "$(BUILT_PRODUCTS_DIR)/CashTrack.app/CashTrack";
			};
			name = Release;
		};
/* End XCBuildConfiguration section */

/* Begin XCConfigurationList section */
		1D2475FA1A0D6EA4002B462F /* Build configuration list for PBXProject "CashTrack" */ = {
			isa = XCConfigurationList;
			buildConfigurations = (
				1D24761C1A0D6EA4002B462F /* Debug */,
				1D24761D1A0D6EA4002B462F /* Release */,
			);
			defaultConfigurationIsVisible = 0;
			defaultConfigurationName = Release;
		};
		1D24761E1A0D6EA4002B462F /* Build configuration list for PBXNativeTarget "CashTrack" */ = {
			isa = XCConfigurationList;
			buildConfigurations = (
				1D24761F1A0D6EA4002B462F /* Debug */,
				1D2476201A0D6EA4002B462F /* Release */,
			);
			defaultConfigurationIsVisible = 0;
		};
		1D2476211A0D6EA4002B462F /* Build configuration list for PBXNativeTarget "CashTrackTests" */ = {
			isa = XCConfigurationList;
			buildConfigurations = (
				1D2476221A0D6EA4002B462F /* Debug */,
				1D2476231A0D6EA4002B462F /* Release */,
			);
			defaultConfigurationIsVisible = 0;
		};
/* End XCConfigurationList section */
	};
	rootObject = 1D2475F71A0D6EA4002B462F /* Project object */;
}
